// !$*UTF8*$!
{
	archiveVersion = 1;
	classes = {
	};
	objectVersion = 77;
	objects = {

/* Begin PBXContainerItemProxy section */
		5D993EF32CE9C7EA00D8BA27 /* PBXContainerItemProxy */ = {
			isa = PBXContainerItemProxy;
			containerPortal = 5D993EDA2CE9C7E800D8BA27 /* Project object */;
			proxyType = 1;
			remoteGlobalIDString = 5D993EE12CE9C7E800D8BA27;
			remoteInfo = Hofu;
		};
		5D993EFD2CE9C7EA00D8BA27 /* PBXContainerItemProxy */ = {
			isa = PBXContainerItemProxy;
			containerPortal = 5D993EDA2CE9C7E800D8BA27 /* Project object */;
			proxyType = 1;
			remoteGlobalIDString = 5D993EE12CE9C7E800D8BA27;
			remoteInfo = Hofu;
		};
/* End PBXContainerItemProxy section */

/* Begin PBXFileReference section */
		5D993EE22CE9C7E800D8BA27 /* Hofu.app */ = {isa = PBXFileReference; explicitFileType = wrapper.application; includeInIndex = 0; path = Hofu.app; sourceTree = BUILT_PRODUCTS_DIR; };
		5D993EF22CE9C7EA00D8BA27 /* HofuTests.xctest */ = {isa = PBXFileReference; explicitFileType = wrapper.cfbundle; includeInIndex = 0; path = HofuTests.xctest; sourceTree = BUILT_PRODUCTS_DIR; };
		5D993EFC2CE9C7EA00D8BA27 /* HofuUITests.xctest */ = {isa = PBXFileReference; explicitFileType = wrapper.cfbundle; includeInIndex = 0; path = HofuUITests.xctest; sourceTree = BUILT_PRODUCTS_DIR; };
/* End PBXFileReference section */

/* Begin PBXFileSystemSynchronizedBuildFileExceptionSet section */
		5D993F272CE9C94D00D8BA27 /* Exceptions for "Tests" folder in "Hofu" target */ = {
			isa = PBXFileSystemSynchronizedBuildFileExceptionSet;
			membershipExceptions = (
				HofuTests/HofuTests.swift,
				HofuUITests/HofuUITests.swift,
				HofuUITests/HofuUITestsLaunchTests.swift,
			);
			target = 5D993EE12CE9C7E800D8BA27 /* Hofu */;
		};
		5D993F282CE9C94D00D8BA27 /* Exceptions for "Tests" folder in "HofuTests" target */ = {
			isa = PBXFileSystemSynchronizedBuildFileExceptionSet;
			membershipExceptions = (
				HofuTests/HofuTests.swift,
			);
			target = 5D993EF12CE9C7EA00D8BA27 /* HofuTests */;
		};
		5D993F292CE9C94D00D8BA27 /* Exceptions for "Tests" folder in "HofuUITests" target */ = {
			isa = PBXFileSystemSynchronizedBuildFileExceptionSet;
			membershipExceptions = (
				HofuUITests/HofuUITests.swift,
				HofuUITests/HofuUITestsLaunchTests.swift,
			);
			target = 5D993EFB2CE9C7EA00D8BA27 /* HofuUITests */;
		};
		5DA068A32D0F2DC8003AD55C /* Exceptions for "Hofu" folder in "Hofu" target */ = {
			isa = PBXFileSystemSynchronizedBuildFileExceptionSet;
			membershipExceptions = (
				Info.plist,
			);
			target = 5D993EE12CE9C7E800D8BA27 /* Hofu */;
		};
/* End PBXFileSystemSynchronizedBuildFileExceptionSet section */

/* Begin PBXFileSystemSynchronizedRootGroup section */
		5D3F4DAC2D5CEF730084A231 /* Extension */ = {
			isa = PBXFileSystemSynchronizedRootGroup;
			path = Extension;
			sourceTree = "<group>";
		};
		5D993EE42CE9C7E800D8BA27 /* Hofu */ = {
			isa = PBXFileSystemSynchronizedRootGroup;
			exceptions = (
				5DA068A32D0F2DC8003AD55C /* Exceptions for "Hofu" folder in "Hofu" target */,
			);
			path = Hofu;
			sourceTree = "<group>";
		};
		5D993F192CE9C8E400D8BA27 /* Resources */ = {
			isa = PBXFileSystemSynchronizedRootGroup;
			path = Resources;
			sourceTree = "<group>";
		};
		5D993F1E2CE9C94700D8BA27 /* Tests */ = {
			isa = PBXFileSystemSynchronizedRootGroup;
			exceptions = (
				5D993F272CE9C94D00D8BA27 /* Exceptions for "Tests" folder in "Hofu" target */,
				5D993F282CE9C94D00D8BA27 /* Exceptions for "Tests" folder in "HofuTests" target */,
				5D993F292CE9C94D00D8BA27 /* Exceptions for "Tests" folder in "HofuUITests" target */,
			);
			path = Tests;
			sourceTree = "<group>";
		};
/* End PBXFileSystemSynchronizedRootGroup section */

/* Begin PBXFrameworksBuildPhase section */
		5D993EDF2CE9C7E800D8BA27 /* Frameworks */ = {
			isa = PBXFrameworksBuildPhase;
			buildActionMask = 2147483647;
			files = (
			);
			runOnlyForDeploymentPostprocessing = 0;
		};
		5D993EEF2CE9C7EA00D8BA27 /* Frameworks */ = {
			isa = PBXFrameworksBuildPhase;
			buildActionMask = 2147483647;
			files = (
			);
			runOnlyForDeploymentPostprocessing = 0;
		};
		5D993EF92CE9C7EA00D8BA27 /* Frameworks */ = {
			isa = PBXFrameworksBuildPhase;
			buildActionMask = 2147483647;
			files = (
			);
			runOnlyForDeploymentPostprocessing = 0;
		};
/* End PBXFrameworksBuildPhase section */

/* Begin PBXGroup section */
		5D993ED92CE9C7E800D8BA27 = {
			isa = PBXGroup;
			children = (
				5D3F4DAC2D5CEF730084A231 /* Extension */,
				5D993F1E2CE9C94700D8BA27 /* Tests */,
				5D993F192CE9C8E400D8BA27 /* Resources */,
				5D993EE42CE9C7E800D8BA27 /* Hofu */,
				5D993EE32CE9C7E800D8BA27 /* Products */,
			);
			sourceTree = "<group>";
		};
		5D993EE32CE9C7E800D8BA27 /* Products */ = {
			isa = PBXGroup;
			children = (
				5D993EE22CE9C7E800D8BA27 /* Hofu.app */,
				5D993EF22CE9C7EA00D8BA27 /* HofuTests.xctest */,
				5D993EFC2CE9C7EA00D8BA27 /* HofuUITests.xctest */,
			);
			name = Products;
			sourceTree = "<group>";
		};
/* End PBXGroup section */

/* Begin PBXNativeTarget section */
		5D993EE12CE9C7E800D8BA27 /* Hofu */ = {
			isa = PBXNativeTarget;
			buildConfigurationList = 5D993F062CE9C7EA00D8BA27 /* Build configuration list for PBXNativeTarget "Hofu" */;
			buildPhases = (
				5D993EDE2CE9C7E800D8BA27 /* Sources */,
				5D993EDF2CE9C7E800D8BA27 /* Frameworks */,
				5D993EE02CE9C7E800D8BA27 /* Resources */,
			);
			buildRules = (
			);
			dependencies = (
			);
			fileSystemSynchronizedGroups = (
				5D3F4DAC2D5CEF730084A231 /* Extension */,
				5D993EE42CE9C7E800D8BA27 /* Hofu */,
				5D993F192CE9C8E400D8BA27 /* Resources */,
				5D993F1E2CE9C94700D8BA27 /* Tests */,
			);
			name = Hofu;
			packageProductDependencies = (
			);
			productName = Hofu;
			productReference = 5D993EE22CE9C7E800D8BA27 /* Hofu.app */;
			productType = "com.apple.product-type.application";
		};
		5D993EF12CE9C7EA00D8BA27 /* HofuTests */ = {
			isa = PBXNativeTarget;
			buildConfigurationList = 5D993F092CE9C7EA00D8BA27 /* Build configuration list for PBXNativeTarget "HofuTests" */;
			buildPhases = (
				5D993EEE2CE9C7EA00D8BA27 /* Sources */,
				5D993EEF2CE9C7EA00D8BA27 /* Frameworks */,
				5D993EF02CE9C7EA00D8BA27 /* Resources */,
			);
			buildRules = (
			);
			dependencies = (
				5D993EF42CE9C7EA00D8BA27 /* PBXTargetDependency */,
			);
			name = HofuTests;
			packageProductDependencies = (
			);
			productName = HofuTests;
			productReference = 5D993EF22CE9C7EA00D8BA27 /* HofuTests.xctest */;
			productType = "com.apple.product-type.bundle.unit-test";
		};
		5D993EFB2CE9C7EA00D8BA27 /* HofuUITests */ = {
			isa = PBXNativeTarget;
			buildConfigurationList = 5D993F0C2CE9C7EA00D8BA27 /* Build configuration list for PBXNativeTarget "HofuUITests" */;
			buildPhases = (
				5D993EF82CE9C7EA00D8BA27 /* Sources */,
				5D993EF92CE9C7EA00D8BA27 /* Frameworks */,
				5D993EFA2CE9C7EA00D8BA27 /* Resources */,
			);
			buildRules = (
			);
			dependencies = (
				5D993EFE2CE9C7EA00D8BA27 /* PBXTargetDependency */,
			);
			name = HofuUITests;
			packageProductDependencies = (
			);
			productName = HofuUITests;
			productReference = 5D993EFC2CE9C7EA00D8BA27 /* HofuUITests.xctest */;
			productType = "com.apple.product-type.bundle.ui-testing";
		};
/* End PBXNativeTarget section */

/* Begin PBXProject section */
		5D993EDA2CE9C7E800D8BA27 /* Project object */ = {
			isa = PBXProject;
			attributes = {
				BuildIndependentTargetsInParallel = 1;
				LastSwiftUpdateCheck = 1600;
				LastUpgradeCheck = 1600;
				TargetAttributes = {
					5D993EE12CE9C7E800D8BA27 = {
						CreatedOnToolsVersion = 16.0;
					};
					5D993EF12CE9C7EA00D8BA27 = {
						CreatedOnToolsVersion = 16.0;
						TestTargetID = 5D993EE12CE9C7E800D8BA27;
					};
					5D993EFB2CE9C7EA00D8BA27 = {
						CreatedOnToolsVersion = 16.0;
						TestTargetID = 5D993EE12CE9C7E800D8BA27;
					};
				};
			};
			buildConfigurationList = 5D993EDD2CE9C7E800D8BA27 /* Build configuration list for PBXProject "Hofu" */;
			developmentRegion = en;
			hasScannedForEncodings = 0;
			knownRegions = (
				en,
				Base,
			);
			mainGroup = 5D993ED92CE9C7E800D8BA27;
			minimizedProjectReferenceProxies = 1;
			preferredProjectObjectVersion = 77;
			productRefGroup = 5D993EE32CE9C7E800D8BA27 /* Products */;
			projectDirPath = "";
			projectRoot = "";
			targets = (
				5D993EE12CE9C7E800D8BA27 /* Hofu */,
				5D993EF12CE9C7EA00D8BA27 /* HofuTests */,
				5D993EFB2CE9C7EA00D8BA27 /* HofuUITests */,
			);
		};
/* End PBXProject section */

/* Begin PBXResourcesBuildPhase section */
		5D993EE02CE9C7E800D8BA27 /* Resources */ = {
			isa = PBXResourcesBuildPhase;
			buildActionMask = 2147483647;
			files = (
			);
			runOnlyForDeploymentPostprocessing = 0;
		};
		5D993EF02CE9C7EA00D8BA27 /* Resources */ = {
			isa = PBXResourcesBuildPhase;
			buildActionMask = 2147483647;
			files = (
			);
			runOnlyForDeploymentPostprocessing = 0;
		};
		5D993EFA2CE9C7EA00D8BA27 /* Resources */ = {
			isa = PBXResourcesBuildPhase;
			buildActionMask = 2147483647;
			files = (
			);
			runOnlyForDeploymentPostprocessing = 0;
		};
/* End PBXResourcesBuildPhase section */

/* Begin PBXSourcesBuildPhase section */
		5D993EDE2CE9C7E800D8BA27 /* Sources */ = {
			isa = PBXSourcesBuildPhase;
			buildActionMask = 2147483647;
			files = (
			);
			runOnlyForDeploymentPostprocessing = 0;
		};
		5D993EEE2CE9C7EA00D8BA27 /* Sources */ = {
			isa = PBXSourcesBuildPhase;
			buildActionMask = 2147483647;
			files = (
			);
			runOnlyForDeploymentPostprocessing = 0;
		};
		5D993EF82CE9C7EA00D8BA27 /* Sources */ = {
			isa = PBXSourcesBuildPhase;
			buildActionMask = 2147483647;
			files = (
			);
			runOnlyForDeploymentPostprocessing = 0;
		};
/* End PBXSourcesBuildPhase section */

/* Begin PBXTargetDependency section */
		5D993EF42CE9C7EA00D8BA27 /* PBXTargetDependency */ = {
			isa = PBXTargetDependency;
			target = 5D993EE12CE9C7E800D8BA27 /* Hofu */;
			targetProxy = 5D993EF32CE9C7EA00D8BA27 /* PBXContainerItemProxy */;
		};
		5D993EFE2CE9C7EA00D8BA27 /* PBXTargetDependency */ = {
			isa = PBXTargetDependency;
			target = 5D993EE12CE9C7E800D8BA27 /* Hofu */;
			targetProxy = 5D993EFD2CE9C7EA00D8BA27 /* PBXContainerItemProxy */;
		};
/* End PBXTargetDependency section */

/* Begin XCBuildConfiguration section */
		5D993F042CE9C7EA00D8BA27 /* Debug */ = {
			isa = XCBuildConfiguration;
			buildSettings = {
				ALWAYS_SEARCH_USER_PATHS = NO;
				ASSETCATALOG_COMPILER_GENERATE_SWIFT_ASSET_SYMBOL_EXTENSIONS = YES;
				CLANG_ANALYZER_NONNULL = YES;
				CLANG_ANALYZER_NUMBER_OBJECT_CONVERSION = YES_AGGRESSIVE;
				CLANG_CXX_LANGUAGE_STANDARD = "gnu++20";
				CLANG_ENABLE_MODULES = YES;
				CLANG_ENABLE_OBJC_ARC = YES;
				CLANG_ENABLE_OBJC_WEAK = YES;
				CLANG_WARN_BLOCK_CAPTURE_AUTORELEASING = YES;
				CLANG_WARN_BOOL_CONVERSION = YES;
				CLANG_WARN_COMMA = YES;
				CLANG_WARN_CONSTANT_CONVERSION = YES;
				CLANG_WARN_DEPRECATED_OBJC_IMPLEMENTATIONS = YES;
				CLANG_WARN_DIRECT_OBJC_ISA_USAGE = YES_ERROR;
				CLANG_WARN_DOCUMENTATION_COMMENTS = YES;
				CLANG_WARN_EMPTY_BODY = YES;
				CLANG_WARN_ENUM_CONVERSION = YES;
				CLANG_WARN_INFINITE_RECURSION = YES;
				CLANG_WARN_INT_CONVERSION = YES;
				CLANG_WARN_NON_LITERAL_NULL_CONVERSION = YES;
				CLANG_WARN_OBJC_IMPLICIT_RETAIN_SELF = YES;
				CLANG_WARN_OBJC_LITERAL_CONVERSION = YES;
				CLANG_WARN_OBJC_ROOT_CLASS = YES_ERROR;
				CLANG_WARN_QUOTED_INCLUDE_IN_FRAMEWORK_HEADER = YES;
				CLANG_WARN_RANGE_LOOP_ANALYSIS = YES;
				CLANG_WARN_STRICT_PROTOTYPES = YES;
				CLANG_WARN_SUSPICIOUS_MOVE = YES;
				CLANG_WARN_UNGUARDED_AVAILABILITY = YES_AGGRESSIVE;
				CLANG_WARN_UNREACHABLE_CODE = YES;
				CLANG_WARN__DUPLICATE_METHOD_MATCH = YES;
				COPY_PHASE_STRIP = NO;
				DEBUG_INFORMATION_FORMAT = dwarf;
				ENABLE_STRICT_OBJC_MSGSEND = YES;
				ENABLE_TESTABILITY = YES;
				ENABLE_USER_SCRIPT_SANDBOXING = YES;
				GCC_C_LANGUAGE_STANDARD = gnu17;
				GCC_DYNAMIC_NO_PIC = NO;
				GCC_NO_COMMON_BLOCKS = YES;
				GCC_OPTIMIZATION_LEVEL = 0;
				GCC_PREPROCESSOR_DEFINITIONS = (
					"DEBUG=1",
					"$(inherited)",
				);
				GCC_WARN_64_TO_32_BIT_CONVERSION = YES;
				GCC_WARN_ABOUT_RETURN_TYPE = YES_ERROR;
				GCC_WARN_UNDECLARED_SELECTOR = YES;
				GCC_WARN_UNINITIALIZED_AUTOS = YES_AGGRESSIVE;
				GCC_WARN_UNUSED_FUNCTION = YES;
				GCC_WARN_UNUSED_VARIABLE = YES;
				IPHONEOS_DEPLOYMENT_TARGET = 18.0;
				LOCALIZATION_PREFERS_STRING_CATALOGS = YES;
				MTL_ENABLE_DEBUG_INFO = INCLUDE_SOURCE;
				MTL_FAST_MATH = YES;
				ONLY_ACTIVE_ARCH = YES;
				SDKROOT = iphoneos;
				SWIFT_ACTIVE_COMPILATION_CONDITIONS = "DEBUG $(inherited)";
				SWIFT_OPTIMIZATION_LEVEL = "-Onone";
			};
			name = Debug;
		};
		5D993F052CE9C7EA00D8BA27 /* Release */ = {
			isa = XCBuildConfiguration;
			buildSettings = {
				ALWAYS_SEARCH_USER_PATHS = NO;
				ASSETCATALOG_COMPILER_GENERATE_SWIFT_ASSET_SYMBOL_EXTENSIONS = YES;
				CLANG_ANALYZER_NONNULL = YES;
				CLANG_ANALYZER_NUMBER_OBJECT_CONVERSION = YES_AGGRESSIVE;
				CLANG_CXX_LANGUAGE_STANDARD = "gnu++20";
				CLANG_ENABLE_MODULES = YES;
				CLANG_ENABLE_OBJC_ARC = YES;
				CLANG_ENABLE_OBJC_WEAK = YES;
				CLANG_WARN_BLOCK_CAPTURE_AUTORELEASING = YES;
				CLANG_WARN_BOOL_CONVERSION = YES;
				CLANG_WARN_COMMA = YES;
				CLANG_WARN_CONSTANT_CONVERSION = YES;
				CLANG_WARN_DEPRECATED_OBJC_IMPLEMENTATIONS = YES;
				CLANG_WARN_DIRECT_OBJC_ISA_USAGE = YES_ERROR;
				CLANG_WARN_DOCUMENTATION_COMMENTS = YES;
				CLANG_WARN_EMPTY_BODY = YES;
				CLANG_WARN_ENUM_CONVERSION = YES;
				CLANG_WARN_INFINITE_RECURSION = YES;
				CLANG_WARN_INT_CONVERSION = YES;
				CLANG_WARN_NON_LITERAL_NULL_CONVERSION = YES;
				CLANG_WARN_OBJC_IMPLICIT_RETAIN_SELF = YES;
				CLANG_WARN_OBJC_LITERAL_CONVERSION = YES;
				CLANG_WARN_OBJC_ROOT_CLASS = YES_ERROR;
				CLANG_WARN_QUOTED_INCLUDE_IN_FRAMEWORK_HEADER = YES;
				CLANG_WARN_RANGE_LOOP_ANALYSIS = YES;
				CLANG_WARN_STRICT_PROTOTYPES = YES;
				CLANG_WARN_SUSPICIOUS_MOVE = YES;
				CLANG_WARN_UNGUARDED_AVAILABILITY = YES_AGGRESSIVE;
				CLANG_WARN_UNREACHABLE_CODE = YES;
				CLANG_WARN__DUPLICATE_METHOD_MATCH = YES;
				COPY_PHASE_STRIP = NO;
				DEBUG_INFORMATION_FORMAT = "dwarf-with-dsym";
				ENABLE_NS_ASSERTIONS = NO;
				ENABLE_STRICT_OBJC_MSGSEND = YES;
				ENABLE_USER_SCRIPT_SANDBOXING = YES;
				GCC_C_LANGUAGE_STANDARD = gnu17;
				GCC_NO_COMMON_BLOCKS = YES;
				GCC_WARN_64_TO_32_BIT_CONVERSION = YES;
				GCC_WARN_ABOUT_RETURN_TYPE = YES_ERROR;
				GCC_WARN_UNDECLARED_SELECTOR = YES;
				GCC_WARN_UNINITIALIZED_AUTOS = YES_AGGRESSIVE;
				GCC_WARN_UNUSED_FUNCTION = YES;
				GCC_WARN_UNUSED_VARIABLE = YES;
				IPHONEOS_DEPLOYMENT_TARGET = 18.0;
				LOCALIZATION_PREFERS_STRING_CATALOGS = YES;
				MTL_ENABLE_DEBUG_INFO = NO;
				MTL_FAST_MATH = YES;
				SDKROOT = iphoneos;
				SWIFT_COMPILATION_MODE = wholemodule;
				VALIDATE_PRODUCT = YES;
			};
			name = Release;
		};
		5D993F072CE9C7EA00D8BA27 /* Debug */ = {
			isa = XCBuildConfiguration;
			buildSettings = {
				ASSETCATALOG_COMPILER_APPICON_NAME = AppIcon;
				ASSETCATALOG_COMPILER_GLOBAL_ACCENT_COLOR_NAME = AccentColor;
				CODE_SIGN_STYLE = Automatic;
				CURRENT_PROJECT_VERSION = 1;
				DEVELOPMENT_ASSET_PATHS = "\"Hofu/Preview Content\"";
				DEVELOPMENT_TEAM = BCLA727S8J;
				ENABLE_PREVIEWS = YES;
				GENERATE_INFOPLIST_FILE = YES;
				INFOPLIST_FILE = Hofu/Info.plist;
				INFOPLIST_KEY_CFBundleDisplayName = Hofu;
				INFOPLIST_KEY_LSApplicationCategoryType = "public.app-category.travel";
				INFOPLIST_KEY_UIApplicationSceneManifest_Generation = YES;
				INFOPLIST_KEY_UIApplicationSupportsIndirectInputEvents = YES;
				INFOPLIST_KEY_UILaunchScreen_Generation = YES;
				INFOPLIST_KEY_UISupportedInterfaceOrientations_iPad = "UIInterfaceOrientationPortrait UIInterfaceOrientationPortraitUpsideDown UIInterfaceOrientationLandscapeLeft UIInterfaceOrientationLandscapeRight";
				INFOPLIST_KEY_UISupportedInterfaceOrientations_iPhone = "UIInterfaceOrientationPortrait UIInterfaceOrientationLandscapeLeft UIInterfaceOrientationLandscapeRight";
				LD_RUNPATH_SEARCH_PATHS = (
					"$(inherited)",
					"@executable_path/Frameworks",
				);
				MARKETING_VERSION = 1.0;
				PRODUCT_BUNDLE_IDENTIFIER = rydwan.Hofu;
				PRODUCT_NAME = "$(TARGET_NAME)";
				SWIFT_EMIT_LOC_STRINGS = YES;
				SWIFT_VERSION = 5.0;
				TARGETED_DEVICE_FAMILY = "1,2";
			};
			name = Debug;
		};
		5D993F082CE9C7EA00D8BA27 /* Release */ = {
			isa = XCBuildConfiguration;
			buildSettings = {
				ASSETCATALOG_COMPILER_APPICON_NAME = AppIcon;
				ASSETCATALOG_COMPILER_GLOBAL_ACCENT_COLOR_NAME = AccentColor;
				CODE_SIGN_STYLE = Automatic;
				CURRENT_PROJECT_VERSION = 1;
				DEVELOPMENT_ASSET_PATHS = "\"Hofu/Preview Content\"";
				DEVELOPMENT_TEAM = BCLA727S8J;
				ENABLE_PREVIEWS = YES;
				GENERATE_INFOPLIST_FILE = YES;
				INFOPLIST_FILE = Hofu/Info.plist;
				INFOPLIST_KEY_CFBundleDisplayName = Hofu;
				INFOPLIST_KEY_LSApplicationCategoryType = "public.app-category.travel";
				INFOPLIST_KEY_UIApplicationSceneManifest_Generation = YES;
				INFOPLIST_KEY_UIApplicationSupportsIndirectInputEvents = YES;
				INFOPLIST_KEY_UILaunchScreen_Generation = YES;
				INFOPLIST_KEY_UISupportedInterfaceOrientations_iPad = "UIInterfaceOrientationPortrait UIInterfaceOrientationPortraitUpsideDown UIInterfaceOrientationLandscapeLeft UIInterfaceOrientationLandscapeRight";
				INFOPLIST_KEY_UISupportedInterfaceOrientations_iPhone = "UIInterfaceOrientationPortrait UIInterfaceOrientationLandscapeLeft UIInterfaceOrientationLandscapeRight";
				LD_RUNPATH_SEARCH_PATHS = (
					"$(inherited)",
					"@executable_path/Frameworks",
				);
				MARKETING_VERSION = 1.0;
				PRODUCT_BUNDLE_IDENTIFIER = rydwan.Hofu;
				PRODUCT_NAME = "$(TARGET_NAME)";
				SWIFT_EMIT_LOC_STRINGS = YES;
				SWIFT_VERSION = 5.0;
				TARGETED_DEVICE_FAMILY = "1,2";
			};
			name = Release;
		};
		5D993F0A2CE9C7EA00D8BA27 /* Debug */ = {
			isa = XCBuildConfiguration;
			buildSettings = {
				BUNDLE_LOADER = "$(TEST_HOST)";
				CODE_SIGN_STYLE = Automatic;
				CURRENT_PROJECT_VERSION = 1;
				DEVELOPMENT_TEAM = BCLA727S8J;
				GENERATE_INFOPLIST_FILE = YES;
				IPHONEOS_DEPLOYMENT_TARGET = 18.0;
				MARKETING_VERSION = 1.0;
				PRODUCT_BUNDLE_IDENTIFIER = rydwan.HofuTests;
				PRODUCT_NAME = "$(TARGET_NAME)";
				SWIFT_EMIT_LOC_STRINGS = NO;
				SWIFT_VERSION = 5.0;
				TARGETED_DEVICE_FAMILY = "1,2";
				TEST_HOST = "$(BUILT_PRODUCTS_DIR)/Hofu.app/$(BUNDLE_EXECUTABLE_FOLDER_PATH)/Hofu";
			};
			name = Debug;
		};
		5D993F0B2CE9C7EA00D8BA27 /* Release */ = {
			isa = XCBuildConfiguration;
			buildSettings = {
				BUNDLE_LOADER = "$(TEST_HOST)";
				CODE_SIGN_STYLE = Automatic;
				CURRENT_PROJECT_VERSION = 1;
				DEVELOPMENT_TEAM = BCLA727S8J;
				GENERATE_INFOPLIST_FILE = YES;
				IPHONEOS_DEPLOYMENT_TARGET = 18.0;
				MARKETING_VERSION = 1.0;
				PRODUCT_BUNDLE_IDENTIFIER = rydwan.HofuTests;
				PRODUCT_NAME = "$(TARGET_NAME)";
				SWIFT_EMIT_LOC_STRINGS = NO;
				SWIFT_VERSION = 5.0;
				TARGETED_DEVICE_FAMILY = "1,2";
				TEST_HOST = "$(BUILT_PRODUCTS_DIR)/Hofu.app/$(BUNDLE_EXECUTABLE_FOLDER_PATH)/Hofu";
			};
			name = Release;
		};
		5D993F0D2CE9C7EA00D8BA27 /* Debug */ = {
			isa = XCBuildConfiguration;
			buildSettings = {
				CODE_SIGN_STYLE = Automatic;
				CURRENT_PROJECT_VERSION = 1;
				DEVELOPMENT_TEAM = BCLA727S8J;
				GENERATE_INFOPLIST_FILE = YES;
				MARKETING_VERSION = 1.0;
				PRODUCT_BUNDLE_IDENTIFIER = rydwan.HofuUITests;
				PRODUCT_NAME = "$(TARGET_NAME)";
				SWIFT_EMIT_LOC_STRINGS = NO;
				SWIFT_VERSION = 5.0;
				TARGETED_DEVICE_FAMILY = "1,2";
				TEST_TARGET_NAME = Hofu;
			};
			name = Debug;
		};
		5D993F0E2CE9C7EA00D8BA27 /* Release */ = {
			isa = XCBuildConfiguration;
			buildSettings = {
				CODE_SIGN_STYLE = Automatic;
				CURRENT_PROJECT_VERSION = 1;
				DEVELOPMENT_TEAM = BCLA727S8J;
				GENERATE_INFOPLIST_FILE = YES;
				MARKETING_VERSION = 1.0;
				PRODUCT_BUNDLE_IDENTIFIER = rydwan.HofuUITests;
				PRODUCT_NAME = "$(TARGET_NAME)";
				SWIFT_EMIT_LOC_STRINGS = NO;
				SWIFT_VERSION = 5.0;
				TARGETED_DEVICE_FAMILY = "1,2";
				TEST_TARGET_NAME = Hofu;
			};
			name = Release;
		};
/* End XCBuildConfiguration section */

/* Begin XCConfigurationList section */
		5D993EDD2CE9C7E800D8BA27 /* Build configuration list for PBXProject "Hofu" */ = {
			isa = XCConfigurationList;
			buildConfigurations = (
				5D993F042CE9C7EA00D8BA27 /* Debug */,
				5D993F052CE9C7EA00D8BA27 /* Release */,
			);
			defaultConfigurationIsVisible = 0;
			defaultConfigurationName = Release;
		};
		5D993F062CE9C7EA00D8BA27 /* Build configuration list for PBXNativeTarget "Hofu" */ = {
			isa = XCConfigurationList;
			buildConfigurations = (
				5D993F072CE9C7EA00D8BA27 /* Debug */,
				5D993F082CE9C7EA00D8BA27 /* Release */,
			);
			defaultConfigurationIsVisible = 0;
			defaultConfigurationName = Release;
		};
		5D993F092CE9C7EA00D8BA27 /* Build configuration list for PBXNativeTarget "HofuTests" */ = {
			isa = XCConfigurationList;
			buildConfigurations = (
				5D993F0A2CE9C7EA00D8BA27 /* Debug */,
				5D993F0B2CE9C7EA00D8BA27 /* Release */,
			);
			defaultConfigurationIsVisible = 0;
			defaultConfigurationName = Release;
		};
		5D993F0C2CE9C7EA00D8BA27 /* Build configuration list for PBXNativeTarget "HofuUITests" */ = {
			isa = XCConfigurationList;
			buildConfigurations = (
				5D993F0D2CE9C7EA00D8BA27 /* Debug */,
				5D993F0E2CE9C7EA00D8BA27 /* Release */,
			);
			defaultConfigurationIsVisible = 0;
			defaultConfigurationName = Release;
		};
/* End XCConfigurationList section */
	};
	rootObject = 5D993EDA2CE9C7E800D8BA27 /* Project object */;
}
